// !$*UTF8*$!
{
	archiveVersion = 1;
	classes = {
	};
	objectVersion = 60;
	objects = {

/* Begin PBXBuildFile section */
		74D61BD82F262FE10024873C /* BeaconReadingEntity+CoreDataClass.swift in Sources */ = {isa = PBXBuildFile; fileRef = 74D61BA52F262FE10024873C /* BeaconReadingEntity+CoreDataClass.swift */; };
		74D61BD92F262FE10024873C /* BeaconReadingEntity+CoreDataProperties.swift in Sources */ = {isa = PBXBuildFile; fileRef = 74D61BA62F262FE10024873C /* BeaconReadingEntity+CoreDataProperties.swift */; };
		74D61BDA2F262FE10024873C /* PersistenceController.swift in Sources */ = {isa = PBXBuildFile; fileRef = 74D61BA72F262FE10024873C /* PersistenceController.swift */; };
		74D61BDB2F262FE10024873C /* Color+Hex.swift in Sources */ = {isa = PBXBuildFile; fileRef = 74D61BA92F262FE10024873C /* Color+Hex.swift */; };
		74D61BDC2F262FE10024873C /* Achievement.swift in Sources */ = {isa = PBXBuildFile; fileRef = 74D61BAB2F262FE10024873C /* Achievement.swift */; };
		74D61BDD2F262FE10024873C /* Beacon.swift in Sources */ = {isa = PBXBuildFile; fileRef = 74D61BAC2F262FE10024873C /* Beacon.swift */; };
		74D61BDE2F262FE10024873C /* BeaconTemplate.swift in Sources */ = {isa = PBXBuildFile; fileRef = 74D61BAD2F262FE10024873C /* BeaconTemplate.swift */; };
		74D61BDF2F262FE10024873C /* GameProgress.swift in Sources */ = {isa = PBXBuildFile; fileRef = 74D61BAE2F262FE10024873C /* GameProgress.swift */; };
		74D61BE02F262FE10024873C /* AchievementManager.swift in Sources */ = {isa = PBXBuildFile; fileRef = 74D61BB02F262FE10024873C /* AchievementManager.swift */; };
		74D61BE12F262FE10024873C /* ActiveBeaconViewModel.swift in Sources */ = {isa = PBXBuildFile; fileRef = 74D61BB12F262FE10024873C /* ActiveBeaconViewModel.swift */; };
		74D61BE22F262FE10024873C /* BeaconLibraryViewModel.swift in Sources */ = {isa = PBXBuildFile; fileRef = 74D61BB22F262FE10024873C /* BeaconLibraryViewModel.swift */; };
		74D61BE32F262FE10024873C /* BeaconSetupViewModel.swift in Sources */ = {isa = PBXBuildFile; fileRef = 74D61BB32F262FE10024873C /* BeaconSetupViewModel.swift */; };
		74D61BE42F262FE10024873C /* HistoryViewModel.swift in Sources */ = {isa = PBXBuildFile; fileRef = 74D61BB42F262FE10024873C /* HistoryViewModel.swift */; };
		74D61BE52F262FE10024873C /* StatisticsViewModel.swift in Sources */ = {isa = PBXBuildFile; fileRef = 74D61BB52F262FE10024873C /* StatisticsViewModel.swift */; };
		74D61BE62F262FE10024873C /* AchievementNotificationView.swift in Sources */ = {isa = PBXBuildFile; fileRef = 74D61BB72F262FE10024873C /* AchievementNotificationView.swift */; };
		74D61BE72F262FE10024873C /* BeaconChartShape.swift in Sources */ = {isa = PBXBuildFile; fileRef = 74D61BB82F262FE10024873C /* BeaconChartShape.swift */; };
		74D61BE82F262FE10024873C /* EnhancedAchievementAnimation.swift in Sources */ = {isa = PBXBuildFile; fileRef = 74D61BB92F262FE10024873C /* EnhancedAchievementAnimation.swift */; };
		74D61BE92F262FE10024873C /* MiniChartView.swift in Sources */ = {isa = PBXBuildFile; fileRef = 74D61BBA2F262FE10024873C /* MiniChartView.swift */; };
		74D61BEA2F262FE10024873C /* CheckLink.swift in Sources */ = {isa = PBXBuildFile; fileRef = 74D61BBC2F262FE10024873C /* CheckLink.swift */; };
		74D61BEB2F262FE10024873C /* InternetViewController.swift in Sources */ = {isa = PBXBuildFile; fileRef = 74D61BBD2F262FE10024873C /* InternetViewController.swift */; };
		74D61BEC2F262FE10024873C /* LoaderViewController.swift in Sources */ = {isa = PBXBuildFile; fileRef = 74D61BBE2F262FE10024873C /* LoaderViewController.swift */; };
		74D61BED2F262FE10024873C /* AchievementsView.swift in Sources */ = {isa = PBXBuildFile; fileRef = 74D61BC02F262FE10024873C /* AchievementsView.swift */; };
		74D61BEE2F262FE10024873C /* ActiveBeaconView.swift in Sources */ = {isa = PBXBuildFile; fileRef = 74D61BC12F262FE10024873C /* ActiveBeaconView.swift */; };
		74D61BEF2F262FE10024873C /* BeaconLibraryView.swift in Sources */ = {isa = PBXBuildFile; fileRef = 74D61BC22F262FE10024873C /* BeaconLibraryView.swift */; };
		74D61BF02F262FE10024873C /* BeaconSetupView.swift in Sources */ = {isa = PBXBuildFile; fileRef = 74D61BC32F262FE10024873C /* BeaconSetupView.swift */; };
		74D61BF12F262FE10024873C /* GamificationView.swift in Sources */ = {isa = PBXBuildFile; fileRef = 74D61BC42F262FE10024873C /* GamificationView.swift */; };
		74D61BF22F262FE10024873C /* HistoryView.swift in Sources */ = {isa = PBXBuildFile; fileRef = 74D61BC52F262FE10024873C /* HistoryView.swift */; };
		74D61BF32F262FE10024873C /* HomeView.swift in Sources */ = {isa = PBXBuildFile; fileRef = 74D61BC62F262FE10024873C /* HomeView.swift */; };
		74D61BF42F262FE10024873C /* OnboardingView.swift in Sources */ = {isa = PBXBuildFile; fileRef = 74D61BC72F262FE10024873C /* OnboardingView.swift */; };
		74D61BF52F262FE10024873C /* QuickInputWidget.swift in Sources */ = {isa = PBXBuildFile; fileRef = 74D61BC82F262FE10024873C /* QuickInputWidget.swift */; };
		74D61BF62F262FE10024873C /* SettingsView.swift in Sources */ = {isa = PBXBuildFile; fileRef = 74D61BC92F262FE10024873C /* SettingsView.swift */; };
		74D61BF72F262FE10024873C /* StatisticsView.swift in Sources */ = {isa = PBXBuildFile; fileRef = 74D61BCA2F262FE10024873C /* StatisticsView.swift */; };
		74D61BF82F262FE10024873C /* TemplateSelectionView.swift in Sources */ = {isa = PBXBuildFile; fileRef = 74D61BCB2F262FE10024873C /* TemplateSelectionView.swift */; };
		74D61BF92F262FE10024873C /* AppDelegate.swift in Sources */ = {isa = PBXBuildFile; fileRef = 74D61BCD2F262FE10024873C /* AppDelegate.swift */; };
		74D61BFA2F262FE10024873C /* ContentView.swift in Sources */ = {isa = PBXBuildFile; fileRef = 74D61BCF2F262FE10024873C /* ContentView.swift */; };
		74D61BFB2F262FE10024873C /* SceneDelegate.swift in Sources */ = {isa = PBXBuildFile; fileRef = 74D61BD52F262FE10024873C /* SceneDelegate.swift */; };
		74D61BFC2F262FE10024873C /* ViewController.swift in Sources */ = {isa = PBXBuildFile; fileRef = 74D61BD62F262FE10024873C /* ViewController.swift */; };
		74D61BFD2F262FE10024873C /* Assets.xcassets in Resources */ = {isa = PBXBuildFile; fileRef = 74D61BCE2F262FE10024873C /* Assets.xcassets */; };
		74D61BFF2F262FE10024873C /* LaunchScreen.storyboard in Resources */ = {isa = PBXBuildFile; fileRef = 74D61BD22F262FE10024873C /* LaunchScreen.storyboard */; };
		74D61C002F262FE10024873C /* Main.storyboard in Resources */ = {isa = PBXBuildFile; fileRef = 74D61BD42F262FE10024873C /* Main.storyboard */; };
/* End PBXBuildFile section */

/* Begin PBXFileReference section */
		7408F7C32F1C1FCC0000D719 /* 57PulseBeacon.app */ = {isa = PBXFileReference; explicitFileType = wrapper.application; includeInIndex = 0; path = 57PulseBeacon.app; sourceTree = BUILT_PRODUCTS_DIR; };
		74D61BA52F262FE10024873C /* BeaconReadingEntity+CoreDataClass.swift */ = {isa = PBXFileReference; lastKnownFileType = sourcecode.swift; path = "BeaconReadingEntity+CoreDataClass.swift"; sourceTree = "<group>"; };
		74D61BA62F262FE10024873C /* BeaconReadingEntity+CoreDataProperties.swift */ = {isa = PBXFileReference; lastKnownFileType = sourcecode.swift; path = "BeaconReadingEntity+CoreDataProperties.swift"; sourceTree = "<group>"; };
		74D61BA72F262FE10024873C /* PersistenceController.swift */ = {isa = PBXFileReference; lastKnownFileType = sourcecode.swift; path = PersistenceController.swift; sourceTree = "<group>"; };
		74D61BA92F262FE10024873C /* Color+Hex.swift */ = {isa = PBXFileReference; lastKnownFileType = sourcecode.swift; path = "Color+Hex.swift"; sourceTree = "<group>"; };
		74D61BAB2F262FE10024873C /* Achievement.swift */ = {isa = PBXFileReference; lastKnownFileType = sourcecode.swift; path = Achievement.swift; sourceTree = "<group>"; };
		74D61BAC2F262FE10024873C /* Beacon.swift */ = {isa = PBXFileReference; lastKnownFileType = sourcecode.swift; path = Beacon.swift; sourceTree = "<group>"; };
		74D61BAD2F262FE10024873C /* BeaconTemplate.swift */ = {isa = PBXFileReference; lastKnownFileType = sourcecode.swift; path = BeaconTemplate.swift; sourceTree = "<group>"; };
		74D61BAE2F262FE10024873C /* GameProgress.swift */ = {isa = PBXFileReference; lastKnownFileType = sourcecode.swift; path = GameProgress.swift; sourceTree = "<group>"; };
		74D61BB02F262FE10024873C /* AchievementManager.swift */ = {isa = PBXFileReference; lastKnownFileType = sourcecode.swift; path = AchievementManager.swift; sourceTree = "<group>"; };
		74D61BB12F262FE10024873C /* ActiveBeaconViewModel.swift */ = {isa = PBXFileReference; lastKnownFileType = sourcecode.swift; path = ActiveBeaconViewModel.swift; sourceTree = "<group>"; };
		74D61BB22F262FE10024873C /* BeaconLibraryViewModel.swift */ = {isa = PBXFileReference; lastKnownFileType = sourcecode.swift; path = BeaconLibraryViewModel.swift; sourceTree = "<group>"; };
		74D61BB32F262FE10024873C /* BeaconSetupViewModel.swift */ = {isa = PBXFileReference; lastKnownFileType = sourcecode.swift; path = BeaconSetupViewModel.swift; sourceTree = "<group>"; };
		74D61BB42F262FE10024873C /* HistoryViewModel.swift */ = {isa = PBXFileReference; lastKnownFileType = sourcecode.swift; path = HistoryViewModel.swift; sourceTree = "<group>"; };
		74D61BB52F262FE10024873C /* StatisticsViewModel.swift */ = {isa = PBXFileReference; lastKnownFileType = sourcecode.swift; path = StatisticsViewModel.swift; sourceTree = "<group>"; };
		74D61BB72F262FE10024873C /* AchievementNotificationView.swift */ = {isa = PBXFileReference; lastKnownFileType = sourcecode.swift; path = AchievementNotificationView.swift; sourceTree = "<group>"; };
		74D61BB82F262FE10024873C /* BeaconChartShape.swift */ = {isa = PBXFileReference; lastKnownFileType = sourcecode.swift; path = BeaconChartShape.swift; sourceTree = "<group>"; };
		74D61BB92F262FE10024873C /* EnhancedAchievementAnimation.swift */ = {isa = PBXFileReference; lastKnownFileType = sourcecode.swift; path = EnhancedAchievementAnimation.swift; sourceTree = "<group>"; };
		74D61BBA2F262FE10024873C /* MiniChartView.swift */ = {isa = PBXFileReference; lastKnownFileType = sourcecode.swift; path = MiniChartView.swift; sourceTree = "<group>"; };
		74D61BBC2F262FE10024873C /* CheckLink.swift */ = {isa = PBXFileReference; lastKnownFileType = sourcecode.swift; path = CheckLink.swift; sourceTree = "<group>"; };
		74D61BBD2F262FE10024873C /* InternetViewController.swift */ = {isa = PBXFileReference; lastKnownFileType = sourcecode.swift; path = InternetViewController.swift; sourceTree = "<group>"; };
		74D61BBE2F262FE10024873C /* LoaderViewController.swift */ = {isa = PBXFileReference; lastKnownFileType = sourcecode.swift; path = LoaderViewController.swift; sourceTree = "<group>"; };
		74D61BC02F262FE10024873C /* AchievementsView.swift */ = {isa = PBXFileReference; lastKnownFileType = sourcecode.swift; path = AchievementsView.swift; sourceTree = "<group>"; };
		74D61BC12F262FE10024873C /* ActiveBeaconView.swift */ = {isa = PBXFileReference; lastKnownFileType = sourcecode.swift; path = ActiveBeaconView.swift; sourceTree = "<group>"; };
		74D61BC22F262FE10024873C /* BeaconLibraryView.swift */ = {isa = PBXFileReference; lastKnownFileType = sourcecode.swift; path = BeaconLibraryView.swift; sourceTree = "<group>"; };
		74D61BC32F262FE10024873C /* BeaconSetupView.swift */ = {isa = PBXFileReference; lastKnownFileType = sourcecode.swift; path = BeaconSetupView.swift; sourceTree = "<group>"; };
		74D61BC42F262FE10024873C /* GamificationView.swift */ = {isa = PBXFileReference; lastKnownFileType = sourcecode.swift; path = GamificationView.swift; sourceTree = "<group>"; };
		74D61BC52F262FE10024873C /* HistoryView.swift */ = {isa = PBXFileReference; lastKnownFileType = sourcecode.swift; path = HistoryView.swift; sourceTree = "<group>"; };
		74D61BC62F262FE10024873C /* HomeView.swift */ = {isa = PBXFileReference; lastKnownFileType = sourcecode.swift; path = HomeView.swift; sourceTree = "<group>"; };
		74D61BC72F262FE10024873C /* OnboardingView.swift */ = {isa = PBXFileReference; lastKnownFileType = sourcecode.swift; path = OnboardingView.swift; sourceTree = "<group>"; };
		74D61BC82F262FE10024873C /* QuickInputWidget.swift */ = {isa = PBXFileReference; lastKnownFileType = sourcecode.swift; path = QuickInputWidget.swift; sourceTree = "<group>"; };
		74D61BC92F262FE10024873C /* SettingsView.swift */ = {isa = PBXFileReference; lastKnownFileType = sourcecode.swift; path = SettingsView.swift; sourceTree = "<group>"; };
		74D61BCA2F262FE10024873C /* StatisticsView.swift */ = {isa = PBXFileReference; lastKnownFileType = sourcecode.swift; path = StatisticsView.swift; sourceTree = "<group>"; };
		74D61BCB2F262FE10024873C /* TemplateSelectionView.swift */ = {isa = PBXFileReference; lastKnownFileType = sourcecode.swift; path = TemplateSelectionView.swift; sourceTree = "<group>"; };
		74D61BCD2F262FE10024873C /* AppDelegate.swift */ = {isa = PBXFileReference; lastKnownFileType = sourcecode.swift; path = AppDelegate.swift; sourceTree = "<group>"; };
		74D61BCE2F262FE10024873C /* Assets.xcassets */ = {isa = PBXFileReference; lastKnownFileType = folder.assetcatalog; path = Assets.xcassets; sourceTree = "<group>"; };
		74D61BCF2F262FE10024873C /* ContentView.swift */ = {isa = PBXFileReference; lastKnownFileType = sourcecode.swift; path = ContentView.swift; sourceTree = "<group>"; };
		74D61BD02F262FE10024873C /* Info.plist */ = {isa = PBXFileReference; lastKnownFileType = text.plist.xml; path = Info.plist; sourceTree = "<group>"; };
		74D61BD12F262FE10024873C /* Base */ = {isa = PBXFileReference; lastKnownFileType = file.storyboard; name = Base; path = Base.lproj/LaunchScreen.storyboard; sourceTree = "<group>"; };
		74D61BD32F262FE10024873C /* Base */ = {isa = PBXFileReference; lastKnownFileType = file.storyboard; name = Base; path = Base.lproj/Main.storyboard; sourceTree = "<group>"; };
		74D61BD52F262FE10024873C /* SceneDelegate.swift */ = {isa = PBXFileReference; lastKnownFileType = sourcecode.swift; path = SceneDelegate.swift; sourceTree = "<group>"; };
		74D61BD62F262FE10024873C /* ViewController.swift */ = {isa = PBXFileReference; lastKnownFileType = sourcecode.swift; path = ViewController.swift; sourceTree = "<group>"; };
		ACEED7DA85631A60E0DB1A47 /* Pods-57PulseBeacon.release.xcconfig */ = {isa = PBXFileReference; includeInIndex = 1; lastKnownFileType = text.xcconfig; name = "Pods-57PulseBeacon.release.xcconfig"; path = "Target Support Files/Pods-57PulseBeacon/Pods-57PulseBeacon.release.xcconfig"; sourceTree = "<group>"; };
		B1A6E238E6AE0DA4EC26B358 /* Pods_57PulseBeacon.framework */ = {isa = PBXFileReference; explicitFileType = wrapper.framework; includeInIndex = 0; path = Pods_57PulseBeacon.framework; sourceTree = BUILT_PRODUCTS_DIR; };
		E546C35BAC4A74EBF78F9695 /* Pods-57PulseBeacon.debug.xcconfig */ = {isa = PBXFileReference; includeInIndex = 1; lastKnownFileType = text.xcconfig; name = "Pods-57PulseBeacon.debug.xcconfig"; path = "Target Support Files/Pods-57PulseBeacon/Pods-57PulseBeacon.debug.xcconfig"; sourceTree = "<group>"; };
/* End PBXFileReference section */

/* Begin PBXFrameworksBuildPhase section */
		7408F7C02F1C1FCC0000D719 /* Frameworks */ = {
			isa = PBXFrameworksBuildPhase;
			buildActionMask = 2147483647;
			files = (
			);
			runOnlyForDeploymentPostprocessing = 0;
		};
/* End PBXFrameworksBuildPhase section */

/* Begin PBXGroup section */
		566954F69F379F52A9E5CCFD /* Frameworks */ = {
			isa = PBXGroup;
			children = (
				B1A6E238E6AE0DA4EC26B358 /* Pods_57PulseBeacon.framework */,
			);
			name = Frameworks;
			sourceTree = "<group>";
		};
		7408F7BA2F1C1FCC0000D719 = {
			isa = PBXGroup;
			children = (
				74D61BD72F262FE10024873C /* 57PulseBeacon */,
				7408F7C42F1C1FCC0000D719 /* Products */,
				A87C071CB842EFDCC205BA87 /* Pods */,
				566954F69F379F52A9E5CCFD /* Frameworks */,
			);
			sourceTree = "<group>";
		};
		7408F7C42F1C1FCC0000D719 /* Products */ = {
			isa = PBXGroup;
			children = (
				7408F7C32F1C1FCC0000D719 /* 57PulseBeacon.app */,
			);
			name = Products;
			sourceTree = "<group>";
		};
		74D61BA82F262FE10024873C /* CoreData */ = {
			isa = PBXGroup;
			children = (
				74D61BA52F262FE10024873C /* BeaconReadingEntity+CoreDataClass.swift */,
				74D61BA62F262FE10024873C /* BeaconReadingEntity+CoreDataProperties.swift */,
				74D61BA72F262FE10024873C /* PersistenceController.swift */,
			);
			path = CoreData;
			sourceTree = "<group>";
		};
		74D61BAA2F262FE10024873C /* Extensions */ = {
			isa = PBXGroup;
			children = (
				74D61BA92F262FE10024873C /* Color+Hex.swift */,
			);
			path = Extensions;
			sourceTree = "<group>";
		};
		74D61BAF2F262FE10024873C /* Models */ = {
			isa = PBXGroup;
			children = (
				74D61BAB2F262FE10024873C /* Achievement.swift */,
				74D61BAC2F262FE10024873C /* Beacon.swift */,
				74D61BAD2F262FE10024873C /* BeaconTemplate.swift */,
				74D61BAE2F262FE10024873C /* GameProgress.swift */,
			);
			path = Models;
			sourceTree = "<group>";
		};
		74D61BB62F262FE10024873C /* ViewModels */ = {
			isa = PBXGroup;
			children = (
				74D61BB02F262FE10024873C /* AchievementManager.swift */,
				74D61BB12F262FE10024873C /* ActiveBeaconViewModel.swift */,
				74D61BB22F262FE10024873C /* BeaconLibraryViewModel.swift */,
				74D61BB32F262FE10024873C /* BeaconSetupViewModel.swift */,
				74D61BB42F262FE10024873C /* HistoryViewModel.swift */,
				74D61BB52F262FE10024873C /* StatisticsViewModel.swift */,
			);
			path = ViewModels;
			sourceTree = "<group>";
		};
		74D61BBB2F262FE10024873C /* Components */ = {
			isa = PBXGroup;
			children = (
				74D61BB72F262FE10024873C /* AchievementNotificationView.swift */,
				74D61BB82F262FE10024873C /* BeaconChartShape.swift */,
				74D61BB92F262FE10024873C /* EnhancedAchievementAnimation.swift */,
				74D61BBA2F262FE10024873C /* MiniChartView.swift */,
			);
			path = Components;
			sourceTree = "<group>";
		};
		74D61BBF2F262FE10024873C /* LoadingView */ = {
			isa = PBXGroup;
			children = (
				74D61BBC2F262FE10024873C /* CheckLink.swift */,
				74D61BBD2F262FE10024873C /* InternetViewController.swift */,
				74D61BBE2F262FE10024873C /* LoaderViewController.swift */,
			);
			path = LoadingView;
			sourceTree = "<group>";
		};
		74D61BCC2F262FE10024873C /* Views */ = {
			isa = PBXGroup;
			children = (
				74D61BBB2F262FE10024873C /* Components */,
				74D61BBF2F262FE10024873C /* LoadingView */,
				74D61BC02F262FE10024873C /* AchievementsView.swift */,
				74D61BC12F262FE10024873C /* ActiveBeaconView.swift */,
				74D61BC22F262FE10024873C /* BeaconLibraryView.swift */,
				74D61BC32F262FE10024873C /* BeaconSetupView.swift */,
				74D61BC42F262FE10024873C /* GamificationView.swift */,
				74D61BC52F262FE10024873C /* HistoryView.swift */,
				74D61BC62F262FE10024873C /* HomeView.swift */,
				74D61BC72F262FE10024873C /* OnboardingView.swift */,
				74D61BC82F262FE10024873C /* QuickInputWidget.swift */,
				74D61BC92F262FE10024873C /* SettingsView.swift */,
				74D61BCA2F262FE10024873C /* StatisticsView.swift */,
				74D61BCB2F262FE10024873C /* TemplateSelectionView.swift */,
			);
			path = Views;
			sourceTree = "<group>";
		};
		74D61BD72F262FE10024873C /* 57PulseBeacon */ = {
			isa = PBXGroup;
			children = (
				74D61BA82F262FE10024873C /* CoreData */,
				74D61BAA2F262FE10024873C /* Extensions */,
				74D61BAF2F262FE10024873C /* Models */,
				74D61BB62F262FE10024873C /* ViewModels */,
				74D61BCC2F262FE10024873C /* Views */,
				74D61BCD2F262FE10024873C /* AppDelegate.swift */,
				74D61BCE2F262FE10024873C /* Assets.xcassets */,
				74D61BCF2F262FE10024873C /* ContentView.swift */,
				74D61BD02F262FE10024873C /* Info.plist */,
				74D61BD22F262FE10024873C /* LaunchScreen.storyboard */,
				74D61BD42F262FE10024873C /* Main.storyboard */,
				74D61BD52F262FE10024873C /* SceneDelegate.swift */,
				74D61BD62F262FE10024873C /* ViewController.swift */,
			);
			path = 57PulseBeacon;
			sourceTree = "<group>";
		};
		A87C071CB842EFDCC205BA87 /* Pods */ = {
			isa = PBXGroup;
			children = (
				E546C35BAC4A74EBF78F9695 /* Pods-57PulseBeacon.debug.xcconfig */,
				ACEED7DA85631A60E0DB1A47 /* Pods-57PulseBeacon.release.xcconfig */,
			);
			path = Pods;
			sourceTree = "<group>";
		};
/* End PBXGroup section */

/* Begin PBXNativeTarget section */
		7408F7C22F1C1FCC0000D719 /* 57PulseBeacon */ = {
			isa = PBXNativeTarget;
			buildConfigurationList = 7408F7D62F1C1FCD0000D719 /* Build configuration list for PBXNativeTarget "57PulseBeacon" */;
			buildPhases = (
				05213FB56EDD0FF1950CA554 /* [CP] Check Pods Manifest.lock */,
				7408F7BF2F1C1FCC0000D719 /* Sources */,
				7408F7C02F1C1FCC0000D719 /* Frameworks */,
				7408F7C12F1C1FCC0000D719 /* Resources */,
			);
			buildRules = (
			);
			dependencies = (
			);
			name = 57PulseBeacon;
			productName = 57PulseBeacon;
			productReference = 7408F7C32F1C1FCC0000D719 /* 57PulseBeacon.app */;
			productType = "com.apple.product-type.application";
		};
/* End PBXNativeTarget section */

/* Begin PBXProject section */
		7408F7BB2F1C1FCC0000D719 /* Project object */ = {
			isa = PBXProject;
			attributes = {
				BuildIndependentTargetsInParallel = 1;
				LastSwiftUpdateCheck = 2620;
				LastUpgradeCheck = 2620;
				TargetAttributes = {
					7408F7C22F1C1FCC0000D719 = {
						CreatedOnToolsVersion = 26.2;
					};
				};
			};
			buildConfigurationList = 7408F7BE2F1C1FCC0000D719 /* Build configuration list for PBXProject "57PulseBeacon" */;
			compatibilityVersion = "Xcode 15.0";
			developmentRegion = en;
			hasScannedForEncodings = 0;
			knownRegions = (
				en,
				Base,
			);
			mainGroup = 7408F7BA2F1C1FCC0000D719;
			productRefGroup = 7408F7C42F1C1FCC0000D719 /* Products */;
			projectDirPath = "";
			projectRoot = "";
			targets = (
				7408F7C22F1C1FCC0000D719 /* 57PulseBeacon */,
			);
		};
/* End PBXProject section */

/* Begin PBXResourcesBuildPhase section */
		7408F7C12F1C1FCC0000D719 /* Resources */ = {
			isa = PBXResourcesBuildPhase;
			buildActionMask = 2147483647;
			files = (
				74D61BFD2F262FE10024873C /* Assets.xcassets in Resources */,
				74D61BFF2F262FE10024873C /* LaunchScreen.storyboard in Resources */,
				74D61C002F262FE10024873C /* Main.storyboard in Resources */,
			);
			runOnlyForDeploymentPostprocessing = 0;
		};
/* End PBXResourcesBuildPhase section */

/* Begin PBXShellScriptBuildPhase section */
		05213FB56EDD0FF1950CA554 /* [CP] Check Pods Manifest.lock */ = {
			isa = PBXShellScriptBuildPhase;
			buildActionMask = 2147483647;
			files = (
			);
			inputFileListPaths = (
			);
			inputPaths = (
				"${PODS_PODFILE_DIR_PATH}/Podfile.lock",
				"${PODS_ROOT}/Manifest.lock",
			);
			name = "[CP] Check Pods Manifest.lock";
			outputFileListPaths = (
			);
			outputPaths = (
				"$(DERIVED_FILE_DIR)/Pods-57PulseBeacon-checkManifestLockResult.txt",
			);
			runOnlyForDeploymentPostprocessing = 0;
			shellPath = /bin/sh;
			shellScript = "diff \"${PODS_PODFILE_DIR_PATH}/Podfile.lock\" \"${PODS_ROOT}/Manifest.lock\" > /dev/null\nif [ $? != 0 ] ; then\n    # print error to STDERR\n    echo \"error: The sandbox is not in sync with the Podfile.lock. Run 'pod install' or update your CocoaPods installation.\" >&2\n    exit 1\nfi\n# This output is used by Xcode 'outputs' to avoid re-running this script phase.\necho \"SUCCESS\" > \"${SCRIPT_OUTPUT_FILE_0}\"\n";
			showEnvVarsInLog = 0;
		};
/* End PBXShellScriptBuildPhase section */

/* Begin PBXSourcesBuildPhase section */
		7408F7BF2F1C1FCC0000D719 /* Sources */ = {
			isa = PBXSourcesBuildPhase;
			buildActionMask = 2147483647;
			files = (
				74D61BD82F262FE10024873C /* BeaconReadingEntity+CoreDataClass.swift in Sources */,
				74D61BD92F262FE10024873C /* BeaconReadingEntity+CoreDataProperties.swift in Sources */,
				74D61BDA2F262FE10024873C /* PersistenceController.swift in Sources */,
				74D61BDB2F262FE10024873C /* Color+Hex.swift in Sources */,
				74D61BDC2F262FE10024873C /* Achievement.swift in Sources */,
				74D61BDD2F262FE10024873C /* Beacon.swift in Sources */,
				74D61BDE2F262FE10024873C /* BeaconTemplate.swift in Sources */,
				74D61BDF2F262FE10024873C /* GameProgress.swift in Sources */,
				74D61BE02F262FE10024873C /* AchievementManager.swift in Sources */,
				74D61BE12F262FE10024873C /* ActiveBeaconViewModel.swift in Sources */,
				74D61BE22F262FE10024873C /* BeaconLibraryViewModel.swift in Sources */,
				74D61BE32F262FE10024873C /* BeaconSetupViewModel.swift in Sources */,
				74D61BE42F262FE10024873C /* HistoryViewModel.swift in Sources */,
				74D61BE52F262FE10024873C /* StatisticsViewModel.swift in Sources */,
				74D61BE62F262FE10024873C /* AchievementNotificationView.swift in Sources */,
				74D61BE72F262FE10024873C /* BeaconChartShape.swift in Sources */,
				74D61BE82F262FE10024873C /* EnhancedAchievementAnimation.swift in Sources */,
				74D61BE92F262FE10024873C /* MiniChartView.swift in Sources */,
				74D61BEA2F262FE10024873C /* CheckLink.swift in Sources */,
				74D61BEB2F262FE10024873C /* InternetViewController.swift in Sources */,
				74D61BEC2F262FE10024873C /* LoaderViewController.swift in Sources */,
				74D61BED2F262FE10024873C /* AchievementsView.swift in Sources */,
				74D61BEE2F262FE10024873C /* ActiveBeaconView.swift in Sources */,
				74D61BEF2F262FE10024873C /* BeaconLibraryView.swift in Sources */,
				74D61BF02F262FE10024873C /* BeaconSetupView.swift in Sources */,
				74D61BF12F262FE10024873C /* GamificationView.swift in Sources */,
				74D61BF22F262FE10024873C /* HistoryView.swift in Sources */,
				74D61BF32F262FE10024873C /* HomeView.swift in Sources */,
				74D61BF42F262FE10024873C /* OnboardingView.swift in Sources */,
				74D61BF52F262FE10024873C /* QuickInputWidget.swift in Sources */,
				74D61BF62F262FE10024873C /* SettingsView.swift in Sources */,
				74D61BF72F262FE10024873C /* StatisticsView.swift in Sources */,
				74D61BF82F262FE10024873C /* TemplateSelectionView.swift in Sources */,
				74D61BF92F262FE10024873C /* AppDelegate.swift in Sources */,
				74D61BFA2F262FE10024873C /* ContentView.swift in Sources */,
				74D61BFB2F262FE10024873C /* SceneDelegate.swift in Sources */,
				74D61BFC2F262FE10024873C /* ViewController.swift in Sources */,
			);
			runOnlyForDeploymentPostprocessing = 0;
		};
/* End PBXSourcesBuildPhase section */

/* Begin PBXVariantGroup section */
		74D61BD22F262FE10024873C /* LaunchScreen.storyboard */ = {
			isa = PBXVariantGroup;
			children = (
				74D61BD12F262FE10024873C /* Base */,
			);
			name = LaunchScreen.storyboard;
			sourceTree = "<group>";
		};
		74D61BD42F262FE10024873C /* Main.storyboard */ = {
			isa = PBXVariantGroup;
			children = (
				74D61BD32F262FE10024873C /* Base */,
			);
			name = Main.storyboard;
			sourceTree = "<group>";
		};
/* End PBXVariantGroup section */

/* Begin XCBuildConfiguration section */
		7408F7D72F1C1FCD0000D719 /* Debug */ = {
			isa = XCBuildConfiguration;
			baseConfigurationReference = E546C35BAC4A74EBF78F9695 /* Pods-57PulseBeacon.debug.xcconfig */;
			buildSettings = {
				ASSETCATALOG_COMPILER_APPICON_NAME = AppIcon;
				ASSETCATALOG_COMPILER_GLOBAL_ACCENT_COLOR_NAME = AccentColor;
				CODE_SIGN_STYLE = Automatic;
				CURRENT_PROJECT_VERSION = 1;
				GENERATE_INFOPLIST_FILE = YES;
				INFOPLIST_FILE = 57PulseBeacon/Info.plist;
				INFOPLIST_KEY_CFBundleDisplayName = "Beacon Pulse";
				INFOPLIST_KEY_UIApplicationSupportsIndirectInputEvents = YES;
				INFOPLIST_KEY_UILaunchStoryboardName = LaunchScreen;
				INFOPLIST_KEY_UIMainStoryboardFile = Main;
				INFOPLIST_KEY_UISupportedInterfaceOrientations = UIInterfaceOrientationPortrait;
				INFOPLIST_KEY_UISupportedInterfaceOrientations_iPad = "UIInterfaceOrientationLandscapeLeft UIInterfaceOrientationLandscapeRight UIInterfaceOrientationPortrait UIInterfaceOrientationPortraitUpsideDown";
				IPHONEOS_DEPLOYMENT_TARGET = 16.6;
				LD_RUNPATH_SEARCH_PATHS = (
					"$(inherited)",
					"@executable_path/Frameworks",
				);
				MARKETING_VERSION = 1.0;
				PRODUCT_BUNDLE_IDENTIFIER = com.arc.b34c0np9ls;
				PRODUCT_NAME = "$(TARGET_NAME)";
				STRING_CATALOG_GENERATE_SYMBOLS = YES;
				SUPPORTED_PLATFORMS = "iphoneos iphonesimulator";
				SUPPORTS_MACCATALYST = NO;
				SUPPORTS_MAC_DESIGNED_FOR_IPHONE_IPAD = NO;
				SUPPORTS_XR_DESIGNED_FOR_IPHONE_IPAD = NO;
				SWIFT_APPROACHABLE_CONCURRENCY = YES;
				SWIFT_DEFAULT_ACTOR_ISOLATION = MainActor;
				SWIFT_EMIT_LOC_STRINGS = YES;
				SWIFT_UPCOMING_FEATURE_MEMBER_IMPORT_VISIBILITY = YES;
				SWIFT_VERSION = 5.0;
				TARGETED_DEVICE_FAMILY = 1;
			};
			name = Debug;
		};
		7408F7D82F1C1FCD0000D719 /* Release */ = {
			isa = XCBuildConfiguration;
			baseConfigurationReference = ACEED7DA85631A60E0DB1A47 /* Pods-57PulseBeacon.release.xcconfig */;
			buildSettings = {
				ASSETCATALOG_COMPILER_APPICON_NAME = AppIcon;
				ASSETCATALOG_COMPILER_GLOBAL_ACCENT_COLOR_NAME = AccentColor;
				CODE_SIGN_STYLE = Automatic;
				CURRENT_PROJECT_VERSION = 1;
				GENERATE_INFOPLIST_FILE = YES;
				INFOPLIST_FILE = 57PulseBeacon/Info.plist;
				INFOPLIST_KEY_CFBundleDisplayName = "Beacon Pulse";
				INFOPLIST_KEY_UIApplicationSupportsIndirectInputEvents = YES;
				INFOPLIST_KEY_UILaunchStoryboardName = LaunchScreen;
				INFOPLIST_KEY_UIMainStoryboardFile = Main;
				INFOPLIST_KEY_UISupportedInterfaceOrientations = UIInterfaceOrientationPortrait;
				INFOPLIST_KEY_UISupportedInterfaceOrientations_iPad = "UIInterfaceOrientationLandscapeLeft UIInterfaceOrientationLandscapeRight UIInterfaceOrientationPortrait UIInterfaceOrientationPortraitUpsideDown";
				IPHONEOS_DEPLOYMENT_TARGET = 16.6;
				LD_RUNPATH_SEARCH_PATHS = (
					"$(inherited)",
					"@executable_path/Frameworks",
				);
				MARKETING_VERSION = 1.0;
				PRODUCT_BUNDLE_IDENTIFIER = com.arc.b34c0np9ls;
				PRODUCT_NAME = "$(TARGET_NAME)";
				STRING_CATALOG_GENERATE_SYMBOLS = YES;
				SUPPORTED_PLATFORMS = "iphoneos iphonesimulator";
				SUPPORTS_MACCATALYST = NO;
				SUPPORTS_MAC_DESIGNED_FOR_IPHONE_IPAD = NO;
				SUPPORTS_XR_DESIGNED_FOR_IPHONE_IPAD = NO;
				SWIFT_APPROACHABLE_CONCURRENCY = YES;
				SWIFT_DEFAULT_ACTOR_ISOLATION = MainActor;
				SWIFT_EMIT_LOC_STRINGS = YES;
				SWIFT_UPCOMING_FEATURE_MEMBER_IMPORT_VISIBILITY = YES;
				SWIFT_VERSION = 5.0;
				TARGETED_DEVICE_FAMILY = 1;
			};
			name = Release;
		};
		7408F7D92F1C1FCD0000D719 /* Debug */ = {
			isa = XCBuildConfiguration;
			buildSettings = {
				ALWAYS_SEARCH_USER_PATHS = NO;
				ASSETCATALOG_COMPILER_GENERATE_SWIFT_ASSET_SYMBOL_EXTENSIONS = YES;
				CLANG_ANALYZER_NONNULL = YES;
				CLANG_ANALYZER_NUMBER_OBJECT_CONVERSION = YES_AGGRESSIVE;
				CLANG_CXX_LANGUAGE_STANDARD = "gnu++20";
				CLANG_ENABLE_MODULES = YES;
				CLANG_ENABLE_OBJC_ARC = YES;
				CLANG_ENABLE_OBJC_WEAK = YES;
				CLANG_WARN_BLOCK_CAPTURE_AUTORELEASING = YES;
				CLANG_WARN_BOOL_CONVERSION = YES;
				CLANG_WARN_COMMA = YES;
				CLANG_WARN_CONSTANT_CONVERSION = YES;
				CLANG_WARN_DEPRECATED_OBJC_IMPLEMENTATIONS = YES;
				CLANG_WARN_DIRECT_OBJC_ISA_USAGE = YES_ERROR;
				CLANG_WARN_DOCUMENTATION_COMMENTS = YES;
				CLANG_WARN_EMPTY_BODY = YES;
				CLANG_WARN_ENUM_CONVERSION = YES;
				CLANG_WARN_INFINITE_RECURSION = YES;
				CLANG_WARN_INT_CONVERSION = YES;
				CLANG_WARN_NON_LITERAL_NULL_CONVERSION = YES;
				CLANG_WARN_OBJC_IMPLICIT_RETAIN_SELF = YES;
				CLANG_WARN_OBJC_LITERAL_CONVERSION = YES;
				CLANG_WARN_OBJC_ROOT_CLASS = YES_ERROR;
				CLANG_WARN_QUOTED_INCLUDE_IN_FRAMEWORK_HEADER = YES;
				CLANG_WARN_RANGE_LOOP_ANALYSIS = YES;
				CLANG_WARN_STRICT_PROTOTYPES = YES;
				CLANG_WARN_SUSPICIOUS_MOVE = YES;
				CLANG_WARN_UNGUARDED_AVAILABILITY = YES_AGGRESSIVE;
				CLANG_WARN_UNREACHABLE_CODE = YES;
				CLANG_WARN__DUPLICATE_METHOD_MATCH = YES;
				COPY_PHASE_STRIP = NO;
				DEBUG_INFORMATION_FORMAT = dwarf;
				ENABLE_STRICT_OBJC_MSGSEND = YES;
				ENABLE_TESTABILITY = YES;
				ENABLE_USER_SCRIPT_SANDBOXING = YES;
				GCC_C_LANGUAGE_STANDARD = gnu17;
				GCC_DYNAMIC_NO_PIC = NO;
				GCC_NO_COMMON_BLOCKS = YES;
				GCC_OPTIMIZATION_LEVEL = 0;
				GCC_PREPROCESSOR_DEFINITIONS = (
					"DEBUG=1",
					"$(inherited)",
				);
				GCC_WARN_64_TO_32_BIT_CONVERSION = YES;
				GCC_WARN_ABOUT_RETURN_TYPE = YES_ERROR;
				GCC_WARN_UNDECLARED_SELECTOR = YES;
				GCC_WARN_UNINITIALIZED_AUTOS = YES_AGGRESSIVE;
				GCC_WARN_UNUSED_FUNCTION = YES;
				GCC_WARN_UNUSED_VARIABLE = YES;
				IPHONEOS_DEPLOYMENT_TARGET = 26.2;
				LOCALIZATION_PREFERS_STRING_CATALOGS = YES;
				MTL_ENABLE_DEBUG_INFO = INCLUDE_SOURCE;
				MTL_FAST_MATH = YES;
				ONLY_ACTIVE_ARCH = YES;
				SDKROOT = iphoneos;
				SWIFT_ACTIVE_COMPILATION_CONDITIONS = "DEBUG $(inherited)";
				SWIFT_OPTIMIZATION_LEVEL = "-Onone";
			};
			name = Debug;
		};
		7408F7DA2F1C1FCD0000D719 /* Release */ = {
			isa = XCBuildConfiguration;
			buildSettings = {
				ALWAYS_SEARCH_USER_PATHS = NO;
				ASSETCATALOG_COMPILER_GENERATE_SWIFT_ASSET_SYMBOL_EXTENSIONS = YES;
				CLANG_ANALYZER_NONNULL = YES;
				CLANG_ANALYZER_NUMBER_OBJECT_CONVERSION = YES_AGGRESSIVE;
				CLANG_CXX_LANGUAGE_STANDARD = "gnu++20";
				CLANG_ENABLE_MODULES = YES;
				CLANG_ENABLE_OBJC_ARC = YES;
				CLANG_ENABLE_OBJC_WEAK = YES;
				CLANG_WARN_BLOCK_CAPTURE_AUTORELEASING = YES;
				CLANG_WARN_BOOL_CONVERSION = YES;
				CLANG_WARN_COMMA = YES;
				CLANG_WARN_CONSTANT_CONVERSION = YES;
				CLANG_WARN_DEPRECATED_OBJC_IMPLEMENTATIONS = YES;
				CLANG_WARN_DIRECT_OBJC_ISA_USAGE = YES_ERROR;
				CLANG_WARN_DOCUMENTATION_COMMENTS = YES;
				CLANG_WARN_EMPTY_BODY = YES;
				CLANG_WARN_ENUM_CONVERSION = YES;
				CLANG_WARN_INFINITE_RECURSION = YES;
				CLANG_WARN_INT_CONVERSION = YES;
				CLANG_WARN_NON_LITERAL_NULL_CONVERSION = YES;
				CLANG_WARN_OBJC_IMPLICIT_RETAIN_SELF = YES;
				CLANG_WARN_OBJC_LITERAL_CONVERSION = YES;
				CLANG_WARN_OBJC_ROOT_CLASS = YES_ERROR;
				CLANG_WARN_QUOTED_INCLUDE_IN_FRAMEWORK_HEADER = YES;
				CLANG_WARN_RANGE_LOOP_ANALYSIS = YES;
				CLANG_WARN_STRICT_PROTOTYPES = YES;
				CLANG_WARN_SUSPICIOUS_MOVE = YES;
				CLANG_WARN_UNGUARDED_AVAILABILITY = YES_AGGRESSIVE;
				CLANG_WARN_UNREACHABLE_CODE = YES;
				CLANG_WARN__DUPLICATE_METHOD_MATCH = YES;
				COPY_PHASE_STRIP = NO;
				DEBUG_INFORMATION_FORMAT = "dwarf-with-dsym";
				ENABLE_NS_ASSERTIONS = NO;
				ENABLE_STRICT_OBJC_MSGSEND = YES;
				ENABLE_USER_SCRIPT_SANDBOXING = YES;
				GCC_C_LANGUAGE_STANDARD = gnu17;
				GCC_NO_COMMON_BLOCKS = YES;
				GCC_WARN_64_TO_32_BIT_CONVERSION = YES;
				GCC_WARN_ABOUT_RETURN_TYPE = YES_ERROR;
				GCC_WARN_UNDECLARED_SELECTOR = YES;
				GCC_WARN_UNINITIALIZED_AUTOS = YES_AGGRESSIVE;
				GCC_WARN_UNUSED_FUNCTION = YES;
				GCC_WARN_UNUSED_VARIABLE = YES;
				IPHONEOS_DEPLOYMENT_TARGET = 26.2;
				LOCALIZATION_PREFERS_STRING_CATALOGS = YES;
				MTL_ENABLE_DEBUG_INFO = NO;
				MTL_FAST_MATH = YES;
				SDKROOT = iphoneos;
				SWIFT_COMPILATION_MODE = wholemodule;
				VALIDATE_PRODUCT = YES;
			};
			name = Release;
		};
/* End XCBuildConfiguration section */

/* Begin XCConfigurationList section */
		7408F7BE2F1C1FCC0000D719 /* Build configuration list for PBXProject "57PulseBeacon" */ = {
			isa = XCConfigurationList;
			buildConfigurations = (
				7408F7D92F1C1FCD0000D719 /* Debug */,
				7408F7DA2F1C1FCD0000D719 /* Release */,
			);
			defaultConfigurationIsVisible = 0;
			defaultConfigurationName = Release;
		};
		7408F7D62F1C1FCD0000D719 /* Build configuration list for PBXNativeTarget "57PulseBeacon" */ = {
			isa = XCConfigurationList;
			buildConfigurations = (
				7408F7D72F1C1FCD0000D719 /* Debug */,
				7408F7D82F1C1FCD0000D719 /* Release */,
			);
			defaultConfigurationIsVisible = 0;
			defaultConfigurationName = Release;
		};
/* End XCConfigurationList section */
	};
	rootObject = 7408F7BB2F1C1FCC0000D719 /* Project object */;
}
